
Microsoft Visual Studio Solution File, Format Version 12.00
# Visual Studio Version 17
VisualStudioVersion = 17.8.34330.188
MinimumVisualStudioVersion = 10.0.40219.1
Project("{FAE04EC0-301F-11D3-BF4B-00C04F79EFBC}") = "EstudoCSharp", "EstudoCSharp\EstudoCSharp.csproj", "{81AA4CD2-9DD8-4080-A250-1C36A3F75ECC}"
EndProject
Global
	GlobalSection(SolutionConfigurationPlatforms) = preSolution
		Debug|Any CPU = Debug|Any CPU
		Release|Any CPU = Release|Any CPU
	EndGlobalSection
	GlobalSection(ProjectConfigurationPlatforms) = postSolution
		{81AA4CD2-9DD8-4080-A250-1C36A3F75ECC}.Debug|Any CPU.ActiveCfg = Debug|Any CPU
		{81AA4CD2-9DD8-4080-A250-1C36A3F75ECC}.Debug|Any CPU.Build.0 = Debug|Any CPU
		{81AA4CD2-9DD8-4080-A250-1C36A3F75ECC}.Release|Any CPU.ActiveCfg = Release|Any CPU
		{81AA4CD2-9DD8-4080-A250-1C36A3F75ECC}.Release|Any CPU.Build.0 = Release|Any CPU
	EndGlobalSection
	GlobalSection(SolutionProperties) = preSolution
		HideSolutionNode = FALSE
	EndGlobalSection
	GlobalSection(ExtensibilityGlobals) = postSolution
		SolutionGuid = {B7337DB2-8BFF-41EE-BF0A-86AB1A773813}
	EndGlobalSection
EndGlobal
